
Microsoft Visual Studio Solution File, Format Version 10.00
# Visual Studio 2008
Project("{8BC9CEB8-8B4A-11D0-8D11-00A0C91BC942}") = "Doom", "doom.vcproj", "{8B744A3B-8F18-41A0-85A3-293816E85B6E}"
	ProjectSection(ProjectDependencies) = postProject
		{FC8D0610-1507-4F36-99BC-6F5A422B6AD3} = {FC8D0610-1507-4F36-99BC-6F5A422B6AD3}
		{66CD7F50-73B9-482F-8B69-1AF54983F845} = {66CD7F50-73B9-482F-8B69-1AF54983F845}
		{35F435DB-AC4A-4F28-BA2D-812E638FB01A} = {35F435DB-AC4A-4F28-BA2D-812E638FB01A}
	EndProjectSection
EndProject
Project("{8BC9CEB8-8B4A-11D0-8D11-00A0C91BC942}") = "Heretic", "heretic.vcproj", "{8D4FF322-7414-4668-94BD-D63B45D9CBF8}"
	ProjectSection(ProjectDependencies) = postProject
		{FC8D0610-1507-4F36-99BC-6F5A422B6AD3} = {FC8D0610-1507-4F36-99BC-6F5A422B6AD3}
		{66CD7F50-73B9-482F-8B69-1AF54983F845} = {66CD7F50-73B9-482F-8B69-1AF54983F845}
		{35F435DB-AC4A-4F28-BA2D-812E638FB01A} = {35F435DB-AC4A-4F28-BA2D-812E638FB01A}
	EndProjectSection
EndProject
Project("{8BC9CEB8-8B4A-11D0-8D11-00A0C91BC942}") = "Hexen", "hexen.vcproj", "{8FBB8720-340B-4185-9442-A76781FD6278}"
	ProjectSection(ProjectDependencies) = postProject
		{FC8D0610-1507-4F36-99BC-6F5A422B6AD3} = {FC8D0610-1507-4F36-99BC-6F5A422B6AD3}
		{66CD7F50-73B9-482F-8B69-1AF54983F845} = {66CD7F50-73B9-482F-8B69-1AF54983F845}
		{35F435DB-AC4A-4F28-BA2D-812E638FB01A} = {35F435DB-AC4A-4F28-BA2D-812E638FB01A}
	EndProjectSection
EndProject
Project("{8BC9CEB8-8B4A-11D0-8D11-00A0C91BC942}") = "Server", "server.vcproj", "{10DCBB24-F8BB-4796-A653-6DE9C8AAC24B}"
EndProject
Project("{8BC9CEB8-8B4A-11D0-8D11-00A0C91BC942}") = "Setup", "setup.vcproj", "{01975BB6-D2DA-48E7-AE0D-6A8AC8ECF48A}"
	ProjectSection(ProjectDependencies) = postProject
		{35F435DB-AC4A-4F28-BA2D-812E638FB01A} = {35F435DB-AC4A-4F28-BA2D-812E638FB01A}
	EndProjectSection
EndProject
Project("{8BC9CEB8-8B4A-11D0-8D11-00A0C91BC942}") = "libpcsound", "libpcsound.vcproj", "{66CD7F50-73B9-482F-8B69-1AF54983F845}"
EndProject
Project("{8BC9CEB8-8B4A-11D0-8D11-00A0C91BC942}") = "libtextscreen", "libtextscreen.vcproj", "{35F435DB-AC4A-4F28-BA2D-812E638FB01A}"
EndProject
Project("{8BC9CEB8-8B4A-11D0-8D11-00A0C91BC942}") = "Strife", "strife.vcproj", "{FC4DACBA-2A3E-4AF0-804A-AF5FFFD13B08}"
	ProjectSection(ProjectDependencies) = postProject
		{FC8D0610-1507-4F36-99BC-6F5A422B6AD3} = {FC8D0610-1507-4F36-99BC-6F5A422B6AD3}
		{66CD7F50-73B9-482F-8B69-1AF54983F845} = {66CD7F50-73B9-482F-8B69-1AF54983F845}
		{35F435DB-AC4A-4F28-BA2D-812E638FB01A} = {35F435DB-AC4A-4F28-BA2D-812E638FB01A}
	EndProjectSection
EndProject
Project("{8BC9CEB8-8B4A-11D0-8D11-00A0C91BC942}") = "libopl", "libopl.vcproj", "{FC8D0610-1507-4F36-99BC-6F5A422B6AD3}"
EndProject
Global
	GlobalSection(SolutionConfigurationPlatforms) = preSolution
		Debug|Win32 = Debug|Win32
		Release|Win32 = Release|Win32
	EndGlobalSection
	GlobalSection(ProjectConfigurationPlatforms) = postSolution
		{8B744A3B-8F18-41A0-85A3-293816E85B6E}.Debug|Win32.ActiveCfg = Debug|Win32
		{8B744A3B-8F18-41A0-85A3-293816E85B6E}.Debug|Win32.Build.0 = Debug|Win32
		{8B744A3B-8F18-41A0-85A3-293816E85B6E}.Release|Win32.ActiveCfg = Release|Win32
		{8B744A3B-8F18-41A0-85A3-293816E85B6E}.Release|Win32.Build.0 = Release|Win32
		{8D4FF322-7414-4668-94BD-D63B45D9CBF8}.Debug|Win32.ActiveCfg = Debug|Win32
		{8D4FF322-7414-4668-94BD-D63B45D9CBF8}.Debug|Win32.Build.0 = Debug|Win32
		{8D4FF322-7414-4668-94BD-D63B45D9CBF8}.Release|Win32.ActiveCfg = Release|Win32
		{8D4FF322-7414-4668-94BD-D63B45D9CBF8}.Release|Win32.Build.0 = Release|Win32
		{8FBB8720-340B-4185-9442-A76781FD6278}.Debug|Win32.ActiveCfg = Debug|Win32
		{8FBB8720-340B-4185-9442-A76781FD6278}.Debug|Win32.Build.0 = Debug|Win32
		{8FBB8720-340B-4185-9442-A76781FD6278}.Release|Win32.ActiveCfg = Release|Win32
		{8FBB8720-340B-4185-9442-A76781FD6278}.Release|Win32.Build.0 = Release|Win32
		{10DCBB24-F8BB-4796-A653-6DE9C8AAC24B}.Debug|Win32.ActiveCfg = Debug|Win32
		{10DCBB24-F8BB-4796-A653-6DE9C8AAC24B}.Debug|Win32.Build.0 = Debug|Win32
		{10DCBB24-F8BB-4796-A653-6DE9C8AAC24B}.Release|Win32.ActiveCfg = Release|Win32
		{10DCBB24-F8BB-4796-A653-6DE9C8AAC24B}.Release|Win32.Build.0 = Release|Win32
		{01975BB6-D2DA-48E7-AE0D-6A8AC8ECF48A}.Debug|Win32.ActiveCfg = Debug|Win32
		{01975BB6-D2DA-48E7-AE0D-6A8AC8ECF48A}.Debug|Win32.Build.0 = Debug|Win32
		{01975BB6-D2DA-48E7-AE0D-6A8AC8ECF48A}.Release|Win32.ActiveCfg = Release|Win32
		{01975BB6-D2DA-48E7-AE0D-6A8AC8ECF48A}.Release|Win32.Build.0 = Release|Win32
		{66CD7F50-73B9-482F-8B69-1AF54983F845}.Debug|Win32.ActiveCfg = Debug|Win32
		{66CD7F50-73B9-482F-8B69-1AF54983F845}.Debug|Win32.Build.0 = Debug|Win32
		{66CD7F50-73B9-482F-8B69-1AF54983F845}.Release|Win32.ActiveCfg = Release|Win32
		{66CD7F50-73B9-482F-8B69-1AF54983F845}.Release|Win32.Build.0 = Release|Win32
		{35F435DB-AC4A-4F28-BA2D-812E638FB01A}.Debug|Win32.ActiveCfg = Debug|Win32
		{35F435DB-AC4A-4F28-BA2D-812E638FB01A}.Debug|Win32.Build.0 = Debug|Win32
		{35F435DB-AC4A-4F28-BA2D-812E638FB01A}.Release|Win32.ActiveCfg = Release|Win32
		{35F435DB-AC4A-4F28-BA2D-812E638FB01A}.Release|Win32.Build.0 = Release|Win32
		{FC4DACBA-2A3E-4AF0-804A-AF5FFFD13B08}.Debug|Win32.ActiveCfg = Debug|Win32
		{FC4DACBA-2A3E-4AF0-804A-AF5FFFD13B08}.Debug|Win32.Build.0 = Debug|Win32
		{FC4DACBA-2A3E-4AF0-804A-AF5FFFD13B08}.Release|Win32.ActiveCfg = Release|Win32
		{FC4DACBA-2A3E-4AF0-804A-AF5FFFD13B08}.Release|Win32.Build.0 = Release|Win32
		{FC8D0610-1507-4F36-99BC-6F5A422B6AD3}.Debug|Win32.ActiveCfg = Debug|Win32
		{FC8D0610-1507-4F36-99BC-6F5A422B6AD3}.Debug|Win32.Build.0 = Debug|Win32
		{FC8D0610-1507-4F36-99BC-6F5A422B6AD3}.Release|Win32.ActiveCfg = Release|Win32
		{FC8D0610-1507-4F36-99BC-6F5A422B6AD3}.Release|Win32.Build.0 = Release|Win32
	EndGlobalSection
	GlobalSection(SolutionProperties) = preSolution
		HideSolutionNode = FALSE
	EndGlobalSection
EndGlobal
