<?xml version="1.0" encoding="utf-8"?>
<Project ToolsVersion="4.0" xmlns="http://schemas.microsoft.com/developer/msbuild/2003">
  <ItemGroup>
    <Filter Include="Header Files">
      <UniqueIdentifier>{114b5e3f-be3b-4712-bc3d-b01e17ffb453}</UniqueIdentifier>
    </Filter>
    <Filter Include="Header Files\doom">
      <UniqueIdentifier>{cc77fd6a-439b-404c-a128-fafe05ba25a5}</UniqueIdentifier>
    </Filter>
    <Filter Include="Source Files">
      <UniqueIdentifier>{42d5181e-7eaa-4b5a-a385-2b160ed8b5e7}</UniqueIdentifier>
    </Filter>
    <Filter Include="Source Files\doom">
      <UniqueIdentifier>{e8e9a695-0dc1-46d2-bd7b-5473b07da69e}</UniqueIdentifier>
    </Filter>
    <Filter Include="Resource Files">
      <UniqueIdentifier>{210cb9c7-27b3-491f-9dfb-aa36a97170df}</UniqueIdentifier>
    </Filter>
  </ItemGroup>
  <ItemGroup>
    <ClInclude Include="..\src\d_event.h">
      <Filter>Header Files</Filter>
    </ClInclude>
    <ClInclude Include="..\src\d_iwad.h">
      <Filter>Header Files</Filter>
    </ClInclude>
    <ClInclude Include="..\src\d_loop.h">
      <Filter>Header Files</Filter>
    </ClInclude>
    <ClInclude Include="..\src\d_mode.h">
      <Filter>Header Files</Filter>
    </ClInclude>
    <ClInclude Include="..\src\d_ticcmd.h">
      <Filter>Header Files</Filter>
    </ClInclude>
    <ClInclude Include="..\src\deh_defs.h">
      <Filter>Header Files</Filter>
    </ClInclude>
    <ClInclude Include="..\src\deh_io.h">
      <Filter>Header Files</Filter>
    </ClInclude>
    <ClInclude Include="..\src\deh_main.h">
      <Filter>Header Files</Filter>
    </ClInclude>
    <ClInclude Include="..\src\deh_mapping.h">
      <Filter>Header Files</Filter>
    </ClInclude>
    <ClInclude Include="..\src\deh_str.h">
      <Filter>Header Files</Filter>
    </ClInclude>
    <ClInclude Include="..\src\doomfeatures.h">
      <Filter>Header Files</Filter>
    </ClInclude>
    <ClInclude Include="..\src\doomkeys.h">
      <Filter>Header Files</Filter>
    </ClInclude>
    <ClInclude Include="..\src\doomtype.h">
      <Filter>Header Files</Filter>
    </ClInclude>
    <ClInclude Include="..\src\gusconf.h">
      <Filter>Header Files</Filter>
    </ClInclude>
    <ClInclude Include="..\src\i_cdmus.h">
      <Filter>Header Files</Filter>
    </ClInclude>
    <ClInclude Include="..\src\i_endoom.h">
      <Filter>Header Files</Filter>
    </ClInclude>
    <ClInclude Include="..\src\i_joystick.h">
      <Filter>Header Files</Filter>
    </ClInclude>
    <ClInclude Include="..\src\i_scale.h">
      <Filter>Header Files</Filter>
    </ClInclude>
    <ClInclude Include="..\src\i_sound.h">
      <Filter>Header Files</Filter>
    </ClInclude>
    <ClInclude Include="..\src\i_swap.h">
      <Filter>Header Files</Filter>
    </ClInclude>
    <ClInclude Include="..\src\i_system.h">
      <Filter>Header Files</Filter>
    </ClInclude>
    <ClInclude Include="..\src\i_timer.h">
      <Filter>Header Files</Filter>
    </ClInclude>
    <ClInclude Include="..\src\i_video.h">
      <Filter>Header Files</Filter>
    </ClInclude>
    <ClInclude Include="..\src\m_argv.h">
      <Filter>Header Files</Filter>
    </ClInclude>
    <ClInclude Include="..\src\m_bbox.h">
      <Filter>Header Files</Filter>
    </ClInclude>
    <ClInclude Include="..\src\m_cheat.h">
      <Filter>Header Files</Filter>
    </ClInclude>
    <ClInclude Include="..\src\m_config.h">
      <Filter>Header Files</Filter>
    </ClInclude>
    <ClInclude Include="..\src\m_controls.h">
      <Filter>Header Files</Filter>
    </ClInclude>
    <ClInclude Include="..\src\m_fixed.h">
      <Filter>Header Files</Filter>
    </ClInclude>
    <ClInclude Include="..\src\m_misc.h">
      <Filter>Header Files</Filter>
    </ClInclude>
    <ClInclude Include="..\src\memio.h">
      <Filter>Header Files</Filter>
    </ClInclude>
    <ClInclude Include="..\src\midifile.h">
      <Filter>Header Files</Filter>
    </ClInclude>
    <ClInclude Include="..\src\mus2mid.h">
      <Filter>Header Files</Filter>
    </ClInclude>
    <ClInclude Include="..\src\net_client.h">
      <Filter>Header Files</Filter>
    </ClInclude>
    <ClInclude Include="..\src\net_common.h">
      <Filter>Header Files</Filter>
    </ClInclude>
    <ClInclude Include="..\src\net_dedicated.h">
      <Filter>Header Files</Filter>
    </ClInclude>
    <ClInclude Include="..\src\net_defs.h">
      <Filter>Header Files</Filter>
    </ClInclude>
    <ClInclude Include="..\src\net_gui.h">
      <Filter>Header Files</Filter>
    </ClInclude>
    <ClInclude Include="..\src\net_io.h">
      <Filter>Header Files</Filter>
    </ClInclude>
    <ClInclude Include="..\src\net_loop.h">
      <Filter>Header Files</Filter>
    </ClInclude>
    <ClInclude Include="..\src\net_packet.h">
      <Filter>Header Files</Filter>
    </ClInclude>
    <ClInclude Include="..\src\net_query.h">
      <Filter>Header Files</Filter>
    </ClInclude>
    <ClInclude Include="..\src\net_sdl.h">
      <Filter>Header Files</Filter>
    </ClInclude>
    <ClInclude Include="..\src\net_server.h">
      <Filter>Header Files</Filter>
    </ClInclude>
    <ClInclude Include="..\src\net_structrw.h">
      <Filter>Header Files</Filter>
    </ClInclude>
    <ClInclude Include="..\src\sha1.h">
      <Filter>Header Files</Filter>
    </ClInclude>
    <ClInclude Include="..\src\tables.h">
      <Filter>Header Files</Filter>
    </ClInclude>
    <ClInclude Include="..\src\v_diskicon.h">
      <Filter>Header Files</Filter>
    </ClInclude>
    <ClInclude Include="..\src\v_patch.h">
      <Filter>Header Files</Filter>
    </ClInclude>
    <ClInclude Include="..\src\v_video.h">
      <Filter>Header Files</Filter>
    </ClInclude>
    <ClInclude Include="..\src\w_checksum.h">
      <Filter>Header Files</Filter>
    </ClInclude>
    <ClInclude Include="..\src\w_file.h">
      <Filter>Header Files</Filter>
    </ClInclude>
    <ClInclude Include="..\src\w_main.h">
      <Filter>Header Files</Filter>
    </ClInclude>
    <ClInclude Include="..\src\w_merge.h">
      <Filter>Header Files</Filter>
    </ClInclude>
    <ClInclude Include="..\src\w_wad.h">
      <Filter>Header Files</Filter>
    </ClInclude>
    <ClInclude Include="..\src\z_zone.h">
      <Filter>Header Files</Filter>
    </ClInclude>
    <ClInclude Include="..\src\doom\am_map.h">
      <Filter>Header Files\doom</Filter>
    </ClInclude>
    <ClInclude Include="..\src\doom\d_englsh.h">
      <Filter>Header Files\doom</Filter>
    </ClInclude>
    <ClInclude Include="..\src\doom\d_items.h">
      <Filter>Header Files\doom</Filter>
    </ClInclude>
    <ClInclude Include="..\src\doom\d_main.h">
      <Filter>Header Files\doom</Filter>
    </ClInclude>
    <ClInclude Include="..\src\doom\d_net.h">
      <Filter>Header Files\doom</Filter>
    </ClInclude>
    <ClInclude Include="..\src\doom\d_player.h">
      <Filter>Header Files\doom</Filter>
    </ClInclude>
    <ClInclude Include="..\src\doom\d_textur.h">
      <Filter>Header Files\doom</Filter>
    </ClInclude>
    <ClInclude Include="..\src\doom\d_think.h">
      <Filter>Header Files\doom</Filter>
    </ClInclude>
    <ClInclude Include="..\src\doom\deh_defs.h">
      <Filter>Header Files\doom</Filter>
    </ClInclude>
    <ClInclude Include="..\src\doom\deh_misc.h">
      <Filter>Header Files\doom</Filter>
    </ClInclude>
    <ClInclude Include="..\src\doom\doomdata.h">
      <Filter>Header Files\doom</Filter>
    </ClInclude>
    <ClInclude Include="..\src\doom\doomdef.h">
      <Filter>Header Files\doom</Filter>
    </ClInclude>
    <ClInclude Include="..\src\doom\doomstat.h">
      <Filter>Header Files\doom</Filter>
    </ClInclude>
    <ClInclude Include="..\src\doom\dstrings.h">
      <Filter>Header Files\doom</Filter>
    </ClInclude>
    <ClInclude Include="..\src\doom\f_finale.h">
      <Filter>Header Files\doom</Filter>
    </ClInclude>
    <ClInclude Include="..\src\doom\f_wipe.h">
      <Filter>Header Files\doom</Filter>
    </ClInclude>
    <ClInclude Include="..\src\doom\g_game.h">
      <Filter>Header Files\doom</Filter>
    </ClInclude>
    <ClInclude Include="..\src\doom\hu_lib.h">
      <Filter>Header Files\doom</Filter>
    </ClInclude>
    <ClInclude Include="..\src\doom\hu_stuff.h">
      <Filter>Header Files\doom</Filter>
    </ClInclude>
    <ClInclude Include="..\src\doom\info.h">
      <Filter>Header Files\doom</Filter>
    </ClInclude>
    <ClInclude Include="..\src\doom\m_menu.h">
      <Filter>Header Files\doom</Filter>
    </ClInclude>
    <ClInclude Include="..\src\doom\m_random.h">
      <Filter>Header Files\doom</Filter>
    </ClInclude>
    <ClInclude Include="..\src\doom\p_inter.h">
      <Filter>Header Files\doom</Filter>
    </ClInclude>
    <ClInclude Include="..\src\doom\p_local.h">
      <Filter>Header Files\doom</Filter>
    </ClInclude>
    <ClInclude Include="..\src\doom\p_mobj.h">
      <Filter>Header Files\doom</Filter>
    </ClInclude>
    <ClInclude Include="..\src\doom\p_pspr.h">
      <Filter>Header Files\doom</Filter>
    </ClInclude>
    <ClInclude Include="..\src\doom\p_saveg.h">
      <Filter>Header Files\doom</Filter>
    </ClInclude>
    <ClInclude Include="..\src\doom\p_setup.h">
      <Filter>Header Files\doom</Filter>
    </ClInclude>
    <ClInclude Include="..\src\doom\p_spec.h">
      <Filter>Header Files\doom</Filter>
    </ClInclude>
    <ClInclude Include="..\src\doom\p_tick.h">
      <Filter>Header Files\doom</Filter>
    </ClInclude>
    <ClInclude Include="..\src\doom\r_bsp.h">
      <Filter>Header Files\doom</Filter>
    </ClInclude>
    <ClInclude Include="..\src\doom\r_data.h">
      <Filter>Header Files\doom</Filter>
    </ClInclude>
    <ClInclude Include="..\src\doom\r_defs.h">
      <Filter>Header Files\doom</Filter>
    </ClInclude>
    <ClInclude Include="..\src\doom\r_draw.h">
      <Filter>Header Files\doom</Filter>
    </ClInclude>
    <ClInclude Include="..\src\doom\r_local.h">
      <Filter>Header Files\doom</Filter>
    </ClInclude>
    <ClInclude Include="..\src\doom\r_main.h">
      <Filter>Header Files\doom</Filter>
    </ClInclude>
    <ClInclude Include="..\src\doom\r_plane.h">
      <Filter>Header Files\doom</Filter>
    </ClInclude>
    <ClInclude Include="..\src\doom\r_segs.h">
      <Filter>Header Files\doom</Filter>
    </ClInclude>
    <ClInclude Include="..\src\doom\r_sky.h">
      <Filter>Header Files\doom</Filter>
    </ClInclude>
    <ClInclude Include="..\src\doom\r_state.h">
      <Filter>Header Files\doom</Filter>
    </ClInclude>
    <ClInclude Include="..\src\doom\r_things.h">
      <Filter>Header Files\doom</Filter>
    </ClInclude>
    <ClInclude Include="..\src\doom\s_sound.h">
      <Filter>Header Files\doom</Filter>
    </ClInclude>
    <ClInclude Include="..\src\doom\sounds.h">
      <Filter>Header Files\doom</Filter>
    </ClInclude>
    <ClInclude Include="..\src\doom\st_lib.h">
      <Filter>Header Files\doom</Filter>
    </ClInclude>
    <ClInclude Include="..\src\doom\st_stuff.h">
      <Filter>Header Files\doom</Filter>
    </ClInclude>
    <ClInclude Include="..\src\doom\statdump.h">
      <Filter>Header Files\doom</Filter>
    </ClInclude>
    <ClInclude Include="..\src\doom\wi_stuff.h">
      <Filter>Header Files\doom</Filter>
    </ClInclude>
    <ClInclude Include="..\src\doom\d_compat.h">
      <Filter>Header Files\doom</Filter>
    </ClInclude>
    <ClInclude Include="..\src\r_medusa.h">
      <Filter>Header Files</Filter>
    </ClInclude>
  </ItemGroup>
  <ItemGroup>
    <ClCompile Include="..\src\d_event.c">
      <Filter>Source Files</Filter>
    </ClCompile>
    <ClCompile Include="..\src\d_iwad.c">
      <Filter>Source Files</Filter>
    </ClCompile>
    <ClCompile Include="..\src\d_loop.c">
      <Filter>Source Files</Filter>
    </ClCompile>
    <ClCompile Include="..\src\d_mode.c">
      <Filter>Source Files</Filter>
    </ClCompile>
    <ClCompile Include="..\src\deh_io.c">
      <Filter>Source Files</Filter>
    </ClCompile>
    <ClCompile Include="..\src\deh_main.c">
      <Filter>Source Files</Filter>
    </ClCompile>
    <ClCompile Include="..\src\deh_mapping.c">
      <Filter>Source Files</Filter>
    </ClCompile>
    <ClCompile Include="..\src\deh_str.c">
      <Filter>Source Files</Filter>
    </ClCompile>
    <ClCompile Include="..\src\deh_text.c">
      <Filter>Source Files</Filter>
    </ClCompile>
    <ClCompile Include="..\src\gusconf.c">
      <Filter>Source Files</Filter>
    </ClCompile>
    <ClCompile Include="..\src\i_cdmus.c">
      <Filter>Source Files</Filter>
    </ClCompile>
    <ClCompile Include="..\src\i_endoom.c">
      <Filter>Source Files</Filter>
    </ClCompile>
    <ClCompile Include="..\src\i_joystick.c">
      <Filter>Source Files</Filter>
    </ClCompile>
    <ClCompile Include="..\src\i_main.c">
      <Filter>Source Files</Filter>
    </ClCompile>
    <ClCompile Include="..\src\i_oplmusic.c">
      <Filter>Source Files</Filter>
    </ClCompile>
    <ClCompile Include="..\src\i_pcsound.c">
      <Filter>Source Files</Filter>
    </ClCompile>
    <ClCompile Include="..\src\i_scale.c">
      <Filter>Source Files</Filter>
    </ClCompile>
    <ClCompile Include="..\src\i_sdlmusic.c">
      <Filter>Source Files</Filter>
    </ClCompile>
    <ClCompile Include="..\src\i_sdlsound.c">
      <Filter>Source Files</Filter>
    </ClCompile>
    <ClCompile Include="..\src\i_sound.c">
      <Filter>Source Files</Filter>
    </ClCompile>
    <ClCompile Include="..\src\i_system.c">
      <Filter>Source Files</Filter>
    </ClCompile>
    <ClCompile Include="..\src\i_timer.c">
      <Filter>Source Files</Filter>
    </ClCompile>
    <ClCompile Include="..\src\i_video.c">
      <Filter>Source Files</Filter>
    </ClCompile>
    <ClCompile Include="..\src\icon.c">
      <Filter>Source Files</Filter>
    </ClCompile>
    <ClCompile Include="..\src\m_argv.c">
      <Filter>Source Files</Filter>
    </ClCompile>
    <ClCompile Include="..\src\m_bbox.c">
      <Filter>Source Files</Filter>
    </ClCompile>
    <ClCompile Include="..\src\m_cheat.c">
      <Filter>Source Files</Filter>
    </ClCompile>
    <ClCompile Include="..\src\m_config.c">
      <Filter>Source Files</Filter>
    </ClCompile>
    <ClCompile Include="..\src\m_controls.c">
      <Filter>Source Files</Filter>
    </ClCompile>
    <ClCompile Include="..\src\m_fixed.c">
      <Filter>Source Files</Filter>
    </ClCompile>
    <ClCompile Include="..\src\m_misc.c">
      <Filter>Source Files</Filter>
    </ClCompile>
    <ClCompile Include="..\src\memio.c">
      <Filter>Source Files</Filter>
    </ClCompile>
    <ClCompile Include="..\src\midifile.c">
      <Filter>Source Files</Filter>
    </ClCompile>
    <ClCompile Include="..\src\mus2mid.c">
      <Filter>Source Files</Filter>
    </ClCompile>
    <ClCompile Include="..\src\net_client.c">
      <Filter>Source Files</Filter>
    </ClCompile>
    <ClCompile Include="..\src\net_common.c">
      <Filter>Source Files</Filter>
    </ClCompile>
    <ClCompile Include="..\src\net_dedicated.c">
      <Filter>Source Files</Filter>
    </ClCompile>
    <ClCompile Include="..\src\net_gui.c">
      <Filter>Source Files</Filter>
    </ClCompile>
    <ClCompile Include="..\src\net_io.c">
      <Filter>Source Files</Filter>
    </ClCompile>
    <ClCompile Include="..\src\net_loop.c">
      <Filter>Source Files</Filter>
    </ClCompile>
    <ClCompile Include="..\src\net_packet.c">
      <Filter>Source Files</Filter>
    </ClCompile>
    <ClCompile Include="..\src\net_query.c">
      <Filter>Source Files</Filter>
    </ClCompile>
    <ClCompile Include="..\src\net_sdl.c">
      <Filter>Source Files</Filter>
    </ClCompile>
    <ClCompile Include="..\src\net_server.c">
      <Filter>Source Files</Filter>
    </ClCompile>
    <ClCompile Include="..\src\net_structrw.c">
      <Filter>Source Files</Filter>
    </ClCompile>
    <ClCompile Include="..\src\sha1.c">
      <Filter>Source Files</Filter>
    </ClCompile>
    <ClCompile Include="..\src\tables.c">
      <Filter>Source Files</Filter>
    </ClCompile>
    <ClCompile Include="..\src\v_diskicon.c">
      <Filter>Source Files</Filter>
    </ClCompile>
    <ClCompile Include="..\src\v_video.c">
      <Filter>Source Files</Filter>
    </ClCompile>
    <ClCompile Include="..\src\w_checksum.c">
      <Filter>Source Files</Filter>
    </ClCompile>
    <ClCompile Include="..\src\w_file.c">
      <Filter>Source Files</Filter>
    </ClCompile>
    <ClCompile Include="..\src\w_file_posix.c">
      <Filter>Source Files</Filter>
    </ClCompile>
    <ClCompile Include="..\src\w_file_stdc.c">
      <Filter>Source Files</Filter>
    </ClCompile>
    <ClCompile Include="..\src\w_file_win32.c">
      <Filter>Source Files</Filter>
    </ClCompile>
    <ClCompile Include="..\src\w_main.c">
      <Filter>Source Files</Filter>
    </ClCompile>
    <ClCompile Include="..\src\w_merge.c">
      <Filter>Source Files</Filter>
    </ClCompile>
    <ClCompile Include="..\src\w_wad.c">
      <Filter>Source Files</Filter>
    </ClCompile>
    <ClCompile Include="..\src\z_zone.c">
      <Filter>Source Files</Filter>
    </ClCompile>
    <ClCompile Include="..\src\doom\am_map.c">
      <Filter>Source Files\doom</Filter>
    </ClCompile>
    <ClCompile Include="..\src\doom\d_items.c">
      <Filter>Source Files\doom</Filter>
    </ClCompile>
    <ClCompile Include="..\src\doom\d_main.c">
      <Filter>Source Files\doom</Filter>
    </ClCompile>
    <ClCompile Include="..\src\doom\d_net.c">
      <Filter>Source Files\doom</Filter>
    </ClCompile>
    <ClCompile Include="..\src\doom\deh_ammo.c">
      <Filter>Source Files\doom</Filter>
    </ClCompile>
    <ClCompile Include="..\src\doom\deh_bexstr.c">
      <Filter>Source Files\doom</Filter>
    </ClCompile>
    <ClCompile Include="..\src\doom\deh_cheat.c">
      <Filter>Source Files\doom</Filter>
    </ClCompile>
    <ClCompile Include="..\src\doom\deh_doom.c">
      <Filter>Source Files\doom</Filter>
    </ClCompile>
    <ClCompile Include="..\src\doom\deh_frame.c">
      <Filter>Source Files\doom</Filter>
    </ClCompile>
    <ClCompile Include="..\src\doom\deh_misc.c">
      <Filter>Source Files\doom</Filter>
    </ClCompile>
    <ClCompile Include="..\src\doom\deh_ptr.c">
      <Filter>Source Files\doom</Filter>
    </ClCompile>
    <ClCompile Include="..\src\doom\deh_sound.c">
      <Filter>Source Files\doom</Filter>
    </ClCompile>
    <ClCompile Include="..\src\doom\deh_thing.c">
      <Filter>Source Files\doom</Filter>
    </ClCompile>
    <ClCompile Include="..\src\doom\deh_weapon.c">
      <Filter>Source Files\doom</Filter>
    </ClCompile>
    <ClCompile Include="..\src\doom\doomdef.c">
      <Filter>Source Files\doom</Filter>
    </ClCompile>
    <ClCompile Include="..\src\doom\doomstat.c">
      <Filter>Source Files\doom</Filter>
    </ClCompile>
    <ClCompile Include="..\src\doom\dstrings.c">
      <Filter>Source Files\doom</Filter>
    </ClCompile>
    <ClCompile Include="..\src\doom\f_finale.c">
      <Filter>Source Files\doom</Filter>
    </ClCompile>
    <ClCompile Include="..\src\doom\f_wipe.c">
      <Filter>Source Files\doom</Filter>
    </ClCompile>
    <ClCompile Include="..\src\doom\g_game.c">
      <Filter>Source Files\doom</Filter>
    </ClCompile>
    <ClCompile Include="..\src\doom\hu_lib.c">
      <Filter>Source Files\doom</Filter>
    </ClCompile>
    <ClCompile Include="..\src\doom\hu_stuff.c">
      <Filter>Source Files\doom</Filter>
    </ClCompile>
    <ClCompile Include="..\src\doom\info.c">
      <Filter>Source Files\doom</Filter>
    </ClCompile>
    <ClCompile Include="..\src\doom\m_menu.c">
      <Filter>Source Files\doom</Filter>
    </ClCompile>
    <ClCompile Include="..\src\doom\m_random.c">
      <Filter>Source Files\doom</Filter>
    </ClCompile>
    <ClCompile Include="..\src\doom\p_ceilng.c">
      <Filter>Source Files\doom</Filter>
    </ClCompile>
    <ClCompile Include="..\src\doom\p_doors.c">
      <Filter>Source Files\doom</Filter>
    </ClCompile>
    <ClCompile Include="..\src\doom\p_enemy.c">
      <Filter>Source Files\doom</Filter>
    </ClCompile>
    <ClCompile Include="..\src\doom\p_floor.c">
      <Filter>Source Files\doom</Filter>
    </ClCompile>
    <ClCompile Include="..\src\doom\p_inter.c">
      <Filter>Source Files\doom</Filter>
    </ClCompile>
    <ClCompile Include="..\src\doom\p_lights.c">
      <Filter>Source Files\doom</Filter>
    </ClCompile>
    <ClCompile Include="..\src\doom\p_map.c">
      <Filter>Source Files\doom</Filter>
    </ClCompile>
    <ClCompile Include="..\src\doom\p_maputl.c">
      <Filter>Source Files\doom</Filter>
    </ClCompile>
    <ClCompile Include="..\src\doom\p_mobj.c">
      <Filter>Source Files\doom</Filter>
    </ClCompile>
    <ClCompile Include="..\src\doom\p_plats.c">
      <Filter>Source Files\doom</Filter>
    </ClCompile>
    <ClCompile Include="..\src\doom\p_pspr.c">
      <Filter>Source Files\doom</Filter>
    </ClCompile>
    <ClCompile Include="..\src\doom\p_saveg.c">
      <Filter>Source Files\doom</Filter>
    </ClCompile>
    <ClCompile Include="..\src\doom\p_setup.c">
      <Filter>Source Files\doom</Filter>
    </ClCompile>
    <ClCompile Include="..\src\doom\p_sight.c">
      <Filter>Source Files\doom</Filter>
    </ClCompile>
    <ClCompile Include="..\src\doom\p_spec.c">
      <Filter>Source Files\doom</Filter>
    </ClCompile>
    <ClCompile Include="..\src\doom\p_switch.c">
      <Filter>Source Files\doom</Filter>
    </ClCompile>
    <ClCompile Include="..\src\doom\p_telept.c">
      <Filter>Source Files\doom</Filter>
    </ClCompile>
    <ClCompile Include="..\src\doom\p_tick.c">
      <Filter>Source Files\doom</Filter>
    </ClCompile>
    <ClCompile Include="..\src\doom\p_user.c">
      <Filter>Source Files\doom</Filter>
    </ClCompile>
    <ClCompile Include="..\src\doom\r_bsp.c">
      <Filter>Source Files\doom</Filter>
    </ClCompile>
    <ClCompile Include="..\src\doom\r_data.c">
      <Filter>Source Files\doom</Filter>
    </ClCompile>
    <ClCompile Include="..\src\doom\r_draw.c">
      <Filter>Source Files\doom</Filter>
    </ClCompile>
    <ClCompile Include="..\src\doom\r_main.c">
      <Filter>Source Files\doom</Filter>
    </ClCompile>
    <ClCompile Include="..\src\doom\r_plane.c">
      <Filter>Source Files\doom</Filter>
    </ClCompile>
    <ClCompile Include="..\src\doom\r_segs.c">
      <Filter>Source Files\doom</Filter>
    </ClCompile>
    <ClCompile Include="..\src\doom\r_sky.c">
      <Filter>Source Files\doom</Filter>
    </ClCompile>
    <ClCompile Include="..\src\doom\r_things.c">
      <Filter>Source Files\doom</Filter>
    </ClCompile>
    <ClCompile Include="..\src\doom\s_sound.c">
      <Filter>Source Files\doom</Filter>
    </ClCompile>
    <ClCompile Include="..\src\doom\sounds.c">
      <Filter>Source Files\doom</Filter>
    </ClCompile>
    <ClCompile Include="..\src\doom\st_lib.c">
      <Filter>Source Files\doom</Filter>
    </ClCompile>
    <ClCompile Include="..\src\doom\st_stuff.c">
      <Filter>Source Files\doom</Filter>
    </ClCompile>
    <ClCompile Include="..\src\doom\statdump.c">
      <Filter>Source Files\doom</Filter>
    </ClCompile>
    <ClCompile Include="..\src\doom\wi_stuff.c">
      <Filter>Source Files\doom</Filter>
    </ClCompile>
    <ClCompile Include="..\src\doom\d_compat.c">
      <Filter>Source Files\doom</Filter>
    </ClCompile>
    <ClCompile Include="..\src\r_medusa.c">
      <Filter>Source Files</Filter>
    </ClCompile>
  </ItemGroup>
  <ItemGroup>
    <ResourceCompile Include="win32.rc">
      <Filter>Resource Files</Filter>
    </ResourceCompile>
  </ItemGroup>
</Project>