<?xml version="1.0" encoding="utf-8"?>
<Project ToolsVersion="4.0" xmlns="http://schemas.microsoft.com/developer/msbuild/2003">
  <ItemGroup>
    <Filter Include="Source Files">
      <UniqueIdentifier>{4FC737F1-C7A5-4376-A066-2A32D752A2FF}</UniqueIdentifier>
      <Extensions>cpp;c;cc;cxx;def;odl;idl;hpj;bat;asm;asmx</Extensions>
    </Filter>
    <Filter Include="Header Files">
      <UniqueIdentifier>{93995380-89BD-4b04-88EB-625FBE52EBFB}</UniqueIdentifier>
      <Extensions>h;hpp;hxx;hm;inl;inc;xsd</Extensions>
    </Filter>
    <Filter Include="Resource Files">
      <UniqueIdentifier>{67DA6AB6-F800-4c08-8B7A-83BB121AAD01}</UniqueIdentifier>
      <Extensions>rc;ico;cur;bmp;dlg;rc2;rct;bin;rgs;gif;jpg;jpeg;jpe;resx;tiff;tif;png;wav</Extensions>
    </Filter>
  </ItemGroup>
  <ItemGroup>
    <ClCompile Include="..\textscreen\txt_button.c">
      <Filter>Source Files</Filter>
    </ClCompile>
    <ClCompile Include="..\textscreen\txt_checkbox.c">
      <Filter>Source Files</Filter>
    </ClCompile>
    <ClCompile Include="..\textscreen\txt_desktop.c">
      <Filter>Source Files</Filter>
    </ClCompile>
    <ClCompile Include="..\textscreen\txt_dropdown.c">
      <Filter>Source Files</Filter>
    </ClCompile>
    <ClCompile Include="..\textscreen\txt_fileselect.c">
      <Filter>Source Files</Filter>
    </ClCompile>
    <ClCompile Include="..\textscreen\txt_gui.c">
      <Filter>Source Files</Filter>
    </ClCompile>
    <ClCompile Include="..\textscreen\txt_inputbox.c">
      <Filter>Source Files</Filter>
    </ClCompile>
    <ClCompile Include="..\textscreen\txt_io.c">
      <Filter>Source Files</Filter>
    </ClCompile>
    <ClCompile Include="..\textscreen\txt_label.c">
      <Filter>Source Files</Filter>
    </ClCompile>
    <ClCompile Include="..\textscreen\txt_radiobutton.c">
      <Filter>Source Files</Filter>
    </ClCompile>
    <ClCompile Include="..\textscreen\txt_scrollpane.c">
      <Filter>Source Files</Filter>
    </ClCompile>
    <ClCompile Include="..\textscreen\txt_sdl.c">
      <Filter>Source Files</Filter>
    </ClCompile>
    <ClCompile Include="..\textscreen\txt_separator.c">
      <Filter>Source Files</Filter>
    </ClCompile>
    <ClCompile Include="..\textscreen\txt_spinctrl.c">
      <Filter>Source Files</Filter>
    </ClCompile>
    <ClCompile Include="..\textscreen\txt_strut.c">
      <Filter>Source Files</Filter>
    </ClCompile>
    <ClCompile Include="..\textscreen\txt_table.c">
      <Filter>Source Files</Filter>
    </ClCompile>
    <ClCompile Include="..\textscreen\txt_utf8.c">
      <Filter>Source Files</Filter>
    </ClCompile>
    <ClCompile Include="..\textscreen\txt_widget.c">
      <Filter>Source Files</Filter>
    </ClCompile>
    <ClCompile Include="..\textscreen\txt_window.c">
      <Filter>Source Files</Filter>
    </ClCompile>
    <ClCompile Include="..\textscreen\txt_window_action.c">
      <Filter>Source Files</Filter>
    </ClCompile>
  </ItemGroup>
  <ItemGroup>
    <ClInclude Include="..\textscreen\textscreen.h">
      <Filter>Header Files</Filter>
    </ClInclude>
    <ClInclude Include="..\textscreen\txt_button.h">
      <Filter>Header Files</Filter>
    </ClInclude>
    <ClInclude Include="..\textscreen\txt_checkbox.h">
      <Filter>Header Files</Filter>
    </ClInclude>
    <ClInclude Include="..\textscreen\txt_desktop.h">
      <Filter>Header Files</Filter>
    </ClInclude>
    <ClInclude Include="..\textscreen\txt_dropdown.h">
      <Filter>Header Files</Filter>
    </ClInclude>
    <ClInclude Include="..\textscreen\txt_fileselect.h">
      <Filter>Header Files</Filter>
    </ClInclude>
    <ClInclude Include="..\textscreen\txt_font.h">
      <Filter>Header Files</Filter>
    </ClInclude>
    <ClInclude Include="..\textscreen\txt_gui.h">
      <Filter>Header Files</Filter>
    </ClInclude>
    <ClInclude Include="..\textscreen\txt_inputbox.h">
      <Filter>Header Files</Filter>
    </ClInclude>
    <ClInclude Include="..\textscreen\txt_io.h">
      <Filter>Header Files</Filter>
    </ClInclude>
    <ClInclude Include="..\textscreen\txt_label.h">
      <Filter>Header Files</Filter>
    </ClInclude>
    <ClInclude Include="..\textscreen\txt_largefont.h">
      <Filter>Header Files</Filter>
    </ClInclude>
    <ClInclude Include="..\textscreen\txt_main.h">
      <Filter>Header Files</Filter>
    </ClInclude>
    <ClInclude Include="..\textscreen\txt_radiobutton.h">
      <Filter>Header Files</Filter>
    </ClInclude>
    <ClInclude Include="..\textscreen\txt_scrollpane.h">
      <Filter>Header Files</Filter>
    </ClInclude>
    <ClInclude Include="..\textscreen\txt_sdl.h">
      <Filter>Header Files</Filter>
    </ClInclude>
    <ClInclude Include="..\textscreen\txt_separator.h">
      <Filter>Header Files</Filter>
    </ClInclude>
    <ClInclude Include="..\textscreen\txt_smallfont.h">
      <Filter>Header Files</Filter>
    </ClInclude>
    <ClInclude Include="..\textscreen\txt_spinctrl.h">
      <Filter>Header Files</Filter>
    </ClInclude>
    <ClInclude Include="..\textscreen\txt_strut.h">
      <Filter>Header Files</Filter>
    </ClInclude>
    <ClInclude Include="..\textscreen\txt_table.h">
      <Filter>Header Files</Filter>
    </ClInclude>
    <ClInclude Include="..\textscreen\txt_utf8.h">
      <Filter>Header Files</Filter>
    </ClInclude>
    <ClInclude Include="..\textscreen\txt_widget.h">
      <Filter>Header Files</Filter>
    </ClInclude>
    <ClInclude Include="..\textscreen\txt_window.h">
      <Filter>Header Files</Filter>
    </ClInclude>
    <ClInclude Include="..\textscreen\txt_window_action.h">
      <Filter>Header Files</Filter>
    </ClInclude>
  </ItemGroup>
</Project>