<?xml version="1.0" encoding="utf-8"?>
<Project ToolsVersion="4.0" xmlns="http://schemas.microsoft.com/developer/msbuild/2003">
  <ItemGroup>
    <Filter Include="Source Files">
      <UniqueIdentifier>{4FC737F1-C7A5-4376-A066-2A32D752A2FF}</UniqueIdentifier>
      <Extensions>cpp;c;cc;cxx;def;odl;idl;hpj;bat;asm;asmx</Extensions>
    </Filter>
    <Filter Include="Header Files">
      <UniqueIdentifier>{93995380-89BD-4b04-88EB-625FBE52EBFB}</UniqueIdentifier>
      <Extensions>h;hpp;hxx;hm;inl;inc;xsd</Extensions>
    </Filter>
    <Filter Include="Resource Files">
      <UniqueIdentifier>{67DA6AB6-F800-4c08-8B7A-83BB121AAD01}</UniqueIdentifier>
      <Extensions>rc;ico;cur;bmp;dlg;rc2;rct;bin;rgs;gif;jpg;jpeg;jpe;resx;tiff;tif;png;wav</Extensions>
    </Filter>
  </ItemGroup>
  <ItemGroup>
    <ClCompile Include="..\src\setup\compatibility.c">
      <Filter>Source Files</Filter>
    </ClCompile>
    <ClCompile Include="..\src\d_iwad.c">
      <Filter>Source Files</Filter>
    </ClCompile>
    <ClCompile Include="..\src\d_mode.c">
      <Filter>Source Files</Filter>
    </ClCompile>
    <ClCompile Include="..\src\deh_str.c">
      <Filter>Source Files</Filter>
    </ClCompile>
    <ClCompile Include="..\src\setup\display.c">
      <Filter>Source Files</Filter>
    </ClCompile>
    <ClCompile Include="..\src\setup\execute.c">
      <Filter>Source Files</Filter>
    </ClCompile>
    <ClCompile Include="..\src\i_main.c">
      <Filter>Source Files</Filter>
    </ClCompile>
    <ClCompile Include="..\src\i_system.c">
      <Filter>Source Files</Filter>
    </ClCompile>
    <ClCompile Include="..\src\i_timer.c">
      <Filter>Source Files</Filter>
    </ClCompile>
    <ClCompile Include="..\src\setup\joystick.c">
      <Filter>Source Files</Filter>
    </ClCompile>
    <ClCompile Include="..\src\setup\keyboard.c">
      <Filter>Source Files</Filter>
    </ClCompile>
    <ClCompile Include="..\src\m_argv.c">
      <Filter>Source Files</Filter>
    </ClCompile>
    <ClCompile Include="..\src\m_config.c">
      <Filter>Source Files</Filter>
    </ClCompile>
    <ClCompile Include="..\src\m_controls.c">
      <Filter>Source Files</Filter>
    </ClCompile>
    <ClCompile Include="..\src\m_misc.c">
      <Filter>Source Files</Filter>
    </ClCompile>
    <ClCompile Include="..\src\setup\mainmenu.c">
      <Filter>Source Files</Filter>
    </ClCompile>
    <ClCompile Include="..\src\setup\mode.c">
      <Filter>Source Files</Filter>
    </ClCompile>
    <ClCompile Include="..\src\setup\mouse.c">
      <Filter>Source Files</Filter>
    </ClCompile>
    <ClCompile Include="..\src\setup\multiplayer.c">
      <Filter>Source Files</Filter>
    </ClCompile>
    <ClCompile Include="..\src\net_io.c">
      <Filter>Source Files</Filter>
    </ClCompile>
    <ClCompile Include="..\src\net_packet.c">
      <Filter>Source Files</Filter>
    </ClCompile>
    <ClCompile Include="..\src\net_query.c">
      <Filter>Source Files</Filter>
    </ClCompile>
    <ClCompile Include="..\src\net_sdl.c">
      <Filter>Source Files</Filter>
    </ClCompile>
    <ClCompile Include="..\src\net_structrw.c">
      <Filter>Source Files</Filter>
    </ClCompile>
    <ClCompile Include="..\src\setup\setup_icon.c">
      <Filter>Source Files</Filter>
    </ClCompile>
    <ClCompile Include="..\src\setup\sound.c">
      <Filter>Source Files</Filter>
    </ClCompile>
    <ClCompile Include="..\src\setup\txt_joyaxis.c">
      <Filter>Source Files</Filter>
    </ClCompile>
    <ClCompile Include="..\src\setup\txt_joybinput.c">
      <Filter>Source Files</Filter>
    </ClCompile>
    <ClCompile Include="..\src\setup\txt_keyinput.c">
      <Filter>Source Files</Filter>
    </ClCompile>
    <ClCompile Include="..\src\setup\txt_mouseinput.c">
      <Filter>Source Files</Filter>
    </ClCompile>
    <ClCompile Include="..\textscreen\txt_scrollpane.c">
      <Filter>Source Files</Filter>
    </ClCompile>
    <ClCompile Include="..\src\z_zone.c">
      <Filter>Source Files</Filter>
    </ClCompile>
  </ItemGroup>
  <ItemGroup>
    <ClInclude Include="..\src\setup\compatibility.h">
      <Filter>Header Files</Filter>
    </ClInclude>
    <ClInclude Include="..\src\d_iwad.h">
      <Filter>Header Files</Filter>
    </ClInclude>
    <ClInclude Include="..\src\d_mode.h">
      <Filter>Header Files</Filter>
    </ClInclude>
    <ClInclude Include="..\src\deh_str.h">
      <Filter>Header Files</Filter>
    </ClInclude>
    <ClInclude Include="..\src\setup\display.h">
      <Filter>Header Files</Filter>
    </ClInclude>
    <ClInclude Include="..\src\setup\execute.h">
      <Filter>Header Files</Filter>
    </ClInclude>
    <ClInclude Include="..\src\i_system.h">
      <Filter>Header Files</Filter>
    </ClInclude>
    <ClInclude Include="..\src\i_timer.h">
      <Filter>Header Files</Filter>
    </ClInclude>
    <ClInclude Include="..\src\setup\joystick.h">
      <Filter>Header Files</Filter>
    </ClInclude>
    <ClInclude Include="..\src\setup\keyboard.h">
      <Filter>Header Files</Filter>
    </ClInclude>
    <ClInclude Include="..\src\m_argv.h">
      <Filter>Header Files</Filter>
    </ClInclude>
    <ClInclude Include="..\src\m_config.h">
      <Filter>Header Files</Filter>
    </ClInclude>
    <ClInclude Include="..\src\m_controls.h">
      <Filter>Header Files</Filter>
    </ClInclude>
    <ClInclude Include="..\src\m_misc.h">
      <Filter>Header Files</Filter>
    </ClInclude>
    <ClInclude Include="..\src\setup\mode.h">
      <Filter>Header Files</Filter>
    </ClInclude>
    <ClInclude Include="..\src\setup\mouse.h">
      <Filter>Header Files</Filter>
    </ClInclude>
    <ClInclude Include="..\src\setup\multiplayer.h">
      <Filter>Header Files</Filter>
    </ClInclude>
    <ClInclude Include="..\src\net_io.h">
      <Filter>Header Files</Filter>
    </ClInclude>
    <ClInclude Include="..\src\net_packet.h">
      <Filter>Header Files</Filter>
    </ClInclude>
    <ClInclude Include="..\src\net_query.h">
      <Filter>Header Files</Filter>
    </ClInclude>
    <ClInclude Include="..\src\net_sdl.h">
      <Filter>Header Files</Filter>
    </ClInclude>
    <ClInclude Include="..\src\net_structrw.h">
      <Filter>Header Files</Filter>
    </ClInclude>
    <ClInclude Include="..\src\setup\sound.h">
      <Filter>Header Files</Filter>
    </ClInclude>
    <ClInclude Include="..\src\setup\txt_joyaxis.h">
      <Filter>Header Files</Filter>
    </ClInclude>
    <ClInclude Include="..\src\setup\txt_joybinput.h">
      <Filter>Header Files</Filter>
    </ClInclude>
    <ClInclude Include="..\src\setup\txt_keyinput.h">
      <Filter>Header Files</Filter>
    </ClInclude>
    <ClInclude Include="..\src\setup\txt_mouseinput.h">
      <Filter>Header Files</Filter>
    </ClInclude>
    <ClInclude Include="..\textscreen\txt_scrollpane.h">
      <Filter>Header Files</Filter>
    </ClInclude>
    <ClInclude Include="..\src\z_zone.h">
      <Filter>Header Files</Filter>
    </ClInclude>
  </ItemGroup>
  <ItemGroup>
    <ResourceCompile Include="win32.rc">
      <Filter>Resource Files</Filter>
    </ResourceCompile>
  </ItemGroup>
</Project>